
Microsoft Visual Studio Solution File, Format Version 12.00
# Visual Studio 14
VisualStudioVersion = 14.0.25420.1
MinimumVisualStudioVersion = 10.0.40219.1
Project("{2150E333-8FDC-42A3-9474-1A3956D46DE8}") = "src", "src", "{3111B8FF-4E8C-4789-9063-A09279E44F7A}"
EndProject
Project("{2150E333-8FDC-42A3-9474-1A3956D46DE8}") = "Solution Items", "Solution Items", "{C01D217D-21F2-4955-9808-493141B73F5B}"
	ProjectSection(SolutionItems) = preProject
		global.json = global.json
	EndProjectSection
EndProject
Project("{FAE04EC0-301F-11D3-BF4B-00C04F79EFBC}") = "SmartRoute.BNR", "SmartRoute.BNR\SmartRoute.BNR.csproj", "{15F63FB3-902C-402C-B4E7-E3E4F0B3948E}"
EndProject
Project("{FAE04EC0-301F-11D3-BF4B-00C04F79EFBC}") = "SmartRoute.BNR.ServerConsole", "SmartRoute.NBR.ServerConsole\SmartRoute.BNR.ServerConsole.csproj", "{2B2730D1-AFB0-4815-BEF9-E6E15F3193C2}"
EndProject
Project("{FAE04EC0-301F-11D3-BF4B-00C04F79EFBC}") = "SmartRoute.BNR.ClientConsole", "SmartRoute.NBR.ClientConsole\SmartRoute.BNR.ClientConsole.csproj", "{DEA5D0B2-5F2A-4DAA-B501-63463871B90C}"
EndProject
Global
	GlobalSection(SolutionConfigurationPlatforms) = preSolution
		Debug|Any CPU = Debug|Any CPU
		Release|Any CPU = Release|Any CPU
	EndGlobalSection
	GlobalSection(ProjectConfigurationPlatforms) = postSolution
		{15F63FB3-902C-402C-B4E7-E3E4F0B3948E}.Debug|Any CPU.ActiveCfg = Debug|Any CPU
		{15F63FB3-902C-402C-B4E7-E3E4F0B3948E}.Debug|Any CPU.Build.0 = Debug|Any CPU
		{15F63FB3-902C-402C-B4E7-E3E4F0B3948E}.Release|Any CPU.ActiveCfg = Release|Any CPU
		{15F63FB3-902C-402C-B4E7-E3E4F0B3948E}.Release|Any CPU.Build.0 = Release|Any CPU
		{2B2730D1-AFB0-4815-BEF9-E6E15F3193C2}.Debug|Any CPU.ActiveCfg = Debug|Any CPU
		{2B2730D1-AFB0-4815-BEF9-E6E15F3193C2}.Debug|Any CPU.Build.0 = Debug|Any CPU
		{2B2730D1-AFB0-4815-BEF9-E6E15F3193C2}.Release|Any CPU.ActiveCfg = Release|Any CPU
		{2B2730D1-AFB0-4815-BEF9-E6E15F3193C2}.Release|Any CPU.Build.0 = Release|Any CPU
		{DEA5D0B2-5F2A-4DAA-B501-63463871B90C}.Debug|Any CPU.ActiveCfg = Debug|Any CPU
		{DEA5D0B2-5F2A-4DAA-B501-63463871B90C}.Debug|Any CPU.Build.0 = Debug|Any CPU
		{DEA5D0B2-5F2A-4DAA-B501-63463871B90C}.Release|Any CPU.ActiveCfg = Release|Any CPU
		{DEA5D0B2-5F2A-4DAA-B501-63463871B90C}.Release|Any CPU.Build.0 = Release|Any CPU
	EndGlobalSection
	GlobalSection(SolutionProperties) = preSolution
		HideSolutionNode = FALSE
	EndGlobalSection
	GlobalSection(NestedProjects) = preSolution
		{15F63FB3-902C-402C-B4E7-E3E4F0B3948E} = {3111B8FF-4E8C-4789-9063-A09279E44F7A}
		{2B2730D1-AFB0-4815-BEF9-E6E15F3193C2} = {3111B8FF-4E8C-4789-9063-A09279E44F7A}
		{DEA5D0B2-5F2A-4DAA-B501-63463871B90C} = {3111B8FF-4E8C-4789-9063-A09279E44F7A}
	EndGlobalSection
EndGlobal
